const fs = require('fs');
let content = fs.readFileSync('./src/App.tsx', 'utf8');

const target1 = `                  ))}
               </div>
               <button 
                 onClick={addMedication}`;

const replacement1 = `                  ))}
                  <div>
                    <label className="block text-[10px] text-slate-500 mb-1 font-medium">تاريخ الانتهاء (اختياري)</label>
                    <input 
                      type="date"
                      value={newMedication.endDate || ''}
                      onChange={e => setNewMedication({...newMedication, endDate: e.target.value})}
                      className="w-full bg-white border border-slate-200 rounded-lg px-2 py-1.5 text-xs focus:ring-2 focus:ring-blue-500 outline-none"
                    />
                  </div>
               </div>
               <button 
                 onClick={addMedication}`;

content = content.replace(target1, replacement1);

const target2 = `<div className="flex justify-between">
                           <span className="text-slate-400">التكرار:</span>
                           <span className="text-slate-700 font-bold">{med.frequency}</span>
                         </div>
                       </div>`;

const replacement2 = `<div className="flex justify-between">
                           <span className="text-slate-400">التكرار:</span>
                           <span className="text-slate-700 font-bold">{med.frequency}</span>
                         </div>
                         {med.endDate && (
                           <div className="flex justify-between border-t border-slate-200 pt-1 mt-1">
                             <span className="text-slate-400">الانتهاء:</span>
                             <span className="text-amber-600 font-bold">{med.endDate}</span>
                           </div>
                         )}
                       </div>`;

content = content.replace(target2, replacement2);

fs.writeFileSync('./src/App.tsx', content);
console.log('done');
